
Microsoft Visual Studio Solution File, Format Version 12.00
# Visual Studio Version 17
VisualStudioVersion = 17.7.34202.233
MinimumVisualStudioVersion = 10.0.40219.1
Project("{FAE04EC0-301F-11D3-BF4B-00C04F79EFBC}") = "UnrealPluginGenerator", "UnrealPluginGenerator.csproj", "{07A66103-0DEC-44EA-AE2A-DD7F5EA0721E}"
EndProject
Global
	GlobalSection(SolutionConfigurationPlatforms) = preSolution
		Debug|Any CPU = Debug|Any CPU
		Release|Any CPU = Release|Any CPU
	EndGlobalSection
	GlobalSection(ProjectConfigurationPlatforms) = postSolution
		{07A66103-0DEC-44EA-AE2A-DD7F5EA0721E}.Debug|Any CPU.ActiveCfg = Debug|Any CPU
		{07A66103-0DEC-44EA-AE2A-DD7F5EA0721E}.Debug|Any CPU.Build.0 = Debug|Any CPU
		{07A66103-0DEC-44EA-AE2A-DD7F5EA0721E}.Release|Any CPU.ActiveCfg = Release|Any CPU
		{07A66103-0DEC-44EA-AE2A-DD7F5EA0721E}.Release|Any CPU.Build.0 = Release|Any CPU
	EndGlobalSection
	GlobalSection(SolutionProperties) = preSolution
		HideSolutionNode = FALSE
	EndGlobalSection
	GlobalSection(ExtensibilityGlobals) = postSolution
		SolutionGuid = {3283E7AD-E77A-407E-A785-47423F7384DA}
	EndGlobalSection
EndGlobal
